
Microsoft Visual Studio Solution File, Format Version 12.00
# Visual Studio Version 17
VisualStudioVersion = 17.5.33627.172
MinimumVisualStudioVersion = 10.0.40219.1
Project("{9A19103F-16F7-4668-BE54-9A1E7A4F7556}") = "PurebaClase1", "PurebaClase1\PurebaClase1.csproj", "{B056CF4C-EA10-4CB4-B360-39AE369D4A5D}"
EndProject
Global
	GlobalSection(SolutionConfigurationPlatforms) = preSolution
		Debug|Any CPU = Debug|Any CPU
		Release|Any CPU = Release|Any CPU
	EndGlobalSection
	GlobalSection(ProjectConfigurationPlatforms) = postSolution
		{B056CF4C-EA10-4CB4-B360-39AE369D4A5D}.Debug|Any CPU.ActiveCfg = Debug|Any CPU
		{B056CF4C-EA10-4CB4-B360-39AE369D4A5D}.Debug|Any CPU.Build.0 = Debug|Any CPU
		{B056CF4C-EA10-4CB4-B360-39AE369D4A5D}.Release|Any CPU.ActiveCfg = Release|Any CPU
		{B056CF4C-EA10-4CB4-B360-39AE369D4A5D}.Release|Any CPU.Build.0 = Release|Any CPU
	EndGlobalSection
	GlobalSection(SolutionProperties) = preSolution
		HideSolutionNode = FALSE
	EndGlobalSection
	GlobalSection(ExtensibilityGlobals) = postSolution
		SolutionGuid = {D85AB5FF-295A-4553-B52A-982F64EF5F62}
	EndGlobalSection
EndGlobal
